<Solution>
  <Folder Name="/Solution Items/">
    <File Path=".env" />
    <File Path="compose.yaml" />
  </Folder>
  <Folder Name="/src/">
    <Project Path="src/Custom_Builds.Core/Custom_Builds.Core.csproj" />
    <Project Path="src/Custom_Builds.Infrastructure/Custom_Builds.Infrastructure.csproj" />
    <Project Path="src/Custom_Builds.WebApi/Custom_Builds.WebApi.csproj" />
  </Folder>
  <Folder Name="/tests/" />
</Solution>
