<Solution>
  <Folder Name="/src/">
    <Project Path="src/Custom_Build.Infrastructure/Custom_Builds.Infrastructure.csproj" />
    <Project Path="src/Custom_Builds.Core/Custom_Builds.Core.csproj" />
    <Project Path="src/Custom_Builds.WebApi/Custom_Builds.WebApi.csproj" />
  </Folder>
  <Folder Name="/tests/" />
</Solution>
